
Microsoft Visual Studio Solution File, Format Version 12.00
# Visual Studio Version 17
VisualStudioVersion = 17.6.33723.286
MinimumVisualStudioVersion = 10.0.40219.1
Project("{9A19103F-16F7-4668-BE54-9A1E7A4F7556}") = "FigureCalculator", "FigureCalculator\FigureCalculator.csproj", "{F8BDA662-2F16-4961-851F-26B06E7DEF7F}"
EndProject
Project("{FAE04EC0-301F-11D3-BF4B-00C04F79EFBC}") = "FigureCalculator.Tests", "FigureCalculator.Tests\FigureCalculator.Tests.csproj", "{BB1899BD-6D88-4164-825F-A97383FCA49F}"
EndProject
Global
	GlobalSection(SolutionConfigurationPlatforms) = preSolution
		Debug|Any CPU = Debug|Any CPU
		Release|Any CPU = Release|Any CPU
	EndGlobalSection
	GlobalSection(ProjectConfigurationPlatforms) = postSolution
		{F8BDA662-2F16-4961-851F-26B06E7DEF7F}.Debug|Any CPU.ActiveCfg = Debug|Any CPU
		{F8BDA662-2F16-4961-851F-26B06E7DEF7F}.Debug|Any CPU.Build.0 = Debug|Any CPU
		{F8BDA662-2F16-4961-851F-26B06E7DEF7F}.Release|Any CPU.ActiveCfg = Release|Any CPU
		{F8BDA662-2F16-4961-851F-26B06E7DEF7F}.Release|Any CPU.Build.0 = Release|Any CPU
		{BB1899BD-6D88-4164-825F-A97383FCA49F}.Debug|Any CPU.ActiveCfg = Debug|Any CPU
		{BB1899BD-6D88-4164-825F-A97383FCA49F}.Debug|Any CPU.Build.0 = Debug|Any CPU
		{BB1899BD-6D88-4164-825F-A97383FCA49F}.Release|Any CPU.ActiveCfg = Release|Any CPU
		{BB1899BD-6D88-4164-825F-A97383FCA49F}.Release|Any CPU.Build.0 = Release|Any CPU
	EndGlobalSection
	GlobalSection(SolutionProperties) = preSolution
		HideSolutionNode = FALSE
	EndGlobalSection
	GlobalSection(ExtensibilityGlobals) = postSolution
		SolutionGuid = {F60AFA8B-A0EC-4A2E-8DF1-8343E96DFB4B}
	EndGlobalSection
EndGlobal
